
Microsoft Visual Studio Solution File, Format Version 12.00
# Visual Studio 2012
Project("{FAE04EC0-301F-11D3-BF4B-00C04F79EFBC}") = "BootstrapForms", "BootstrapForms\BootstrapForms.csproj", "{60A6E254-CD66-4C0E-9191-5E95E70001EB}"
EndProject
Project("{2150E333-8FDC-42A3-9474-1A3956D46DE8}") = ".nuget", ".nuget", "{FFE46FF4-E0D6-4DBB-9D78-840EC684F58E}"
	ProjectSection(SolutionItems) = preProject
		.nuget\NuGet.Config = .nuget\NuGet.Config
		.nuget\NuGet.exe = .nuget\NuGet.exe
		.nuget\NuGet.targets = .nuget\NuGet.targets
	EndProjectSection
EndProject
Project("{2150E333-8FDC-42A3-9474-1A3956D46DE8}") = ".nuspec", ".nuspec", "{FB12F3C3-E98E-4136-8D36-ED2B952082EE}"
	ProjectSection(SolutionItems) = preProject
		BFormsAssembly.nuspec = BFormsAssembly.nuspec
		BFormsAssembly.symbols.nuspec = BFormsAssembly.symbols.nuspec
		BFormsFull.nuspec = BFormsFull.nuspec
	EndProjectSection
EndProject
Global
	GlobalSection(SolutionConfigurationPlatforms) = preSolution
		Debug|Any CPU = Debug|Any CPU
		Release|Any CPU = Release|Any CPU
	EndGlobalSection
	GlobalSection(ProjectConfigurationPlatforms) = postSolution
		{60A6E254-CD66-4C0E-9191-5E95E70001EB}.Debug|Any CPU.ActiveCfg = Debug|Any CPU
		{60A6E254-CD66-4C0E-9191-5E95E70001EB}.Debug|Any CPU.Build.0 = Debug|Any CPU
		{60A6E254-CD66-4C0E-9191-5E95E70001EB}.Release|Any CPU.ActiveCfg = Release|Any CPU
		{60A6E254-CD66-4C0E-9191-5E95E70001EB}.Release|Any CPU.Build.0 = Release|Any CPU
	EndGlobalSection
	GlobalSection(SolutionProperties) = preSolution
		HideSolutionNode = FALSE
	EndGlobalSection
EndGlobal
