
Microsoft Visual Studio Solution File, Format Version 12.00
# Visual Studio 2012
Project("{FAE04EC0-301F-11D3-BF4B-00C04F79EFBC}") = "BootstrapForms", "BootstrapForms\BootstrapForms.csproj", "{60A6E254-CD66-4C0E-9191-5E95E70001EB}"
EndProject
Global
	GlobalSection(SolutionConfigurationPlatforms) = preSolution
		Debug|Any CPU = Debug|Any CPU
		Release|Any CPU = Release|Any CPU
	EndGlobalSection
	GlobalSection(ProjectConfigurationPlatforms) = postSolution
		{60A6E254-CD66-4C0E-9191-5E95E70001EB}.Debug|Any CPU.ActiveCfg = Debug|Any CPU
		{60A6E254-CD66-4C0E-9191-5E95E70001EB}.Debug|Any CPU.Build.0 = Debug|Any CPU
		{60A6E254-CD66-4C0E-9191-5E95E70001EB}.Release|Any CPU.ActiveCfg = Release|Any CPU
		{60A6E254-CD66-4C0E-9191-5E95E70001EB}.Release|Any CPU.Build.0 = Release|Any CPU
	EndGlobalSection
	GlobalSection(SolutionProperties) = preSolution
		HideSolutionNode = FALSE
	EndGlobalSection
EndGlobal
